
Microsoft Visual Studio Solution File, Format Version 12.00
# Visual Studio 15
VisualStudioVersion = 15.0.28307.329
MinimumVisualStudioVersion = 10.0.40219.1
Project("{FAE04EC0-301F-11D3-BF4B-00C04F79EFBC}") = "Web.Automation.SpecFlow", "Web.Automation.SpecFlow\Web.Automation.SpecFlow.csproj", "{AEC5CFD9-ED79-4F23-A438-85977B02C85D}"
EndProject
Project("{FAE04EC0-301F-11D3-BF4B-00C04F79EFBC}") = "BLL", "BLL\BLL.csproj", "{77A5D56D-A1C3-429C-9E7D-F387126F8FD7}"
EndProject
Global
	GlobalSection(SolutionConfigurationPlatforms) = preSolution
		Debug|Any CPU = Debug|Any CPU
		Release|Any CPU = Release|Any CPU
	EndGlobalSection
	GlobalSection(ProjectConfigurationPlatforms) = postSolution
		{AEC5CFD9-ED79-4F23-A438-85977B02C85D}.Debug|Any CPU.ActiveCfg = Debug|Any CPU
		{AEC5CFD9-ED79-4F23-A438-85977B02C85D}.Debug|Any CPU.Build.0 = Debug|Any CPU
		{AEC5CFD9-ED79-4F23-A438-85977B02C85D}.Release|Any CPU.ActiveCfg = Release|Any CPU
		{AEC5CFD9-ED79-4F23-A438-85977B02C85D}.Release|Any CPU.Build.0 = Release|Any CPU
		{77A5D56D-A1C3-429C-9E7D-F387126F8FD7}.Debug|Any CPU.ActiveCfg = Debug|Any CPU
		{77A5D56D-A1C3-429C-9E7D-F387126F8FD7}.Debug|Any CPU.Build.0 = Debug|Any CPU
		{77A5D56D-A1C3-429C-9E7D-F387126F8FD7}.Release|Any CPU.ActiveCfg = Release|Any CPU
		{77A5D56D-A1C3-429C-9E7D-F387126F8FD7}.Release|Any CPU.Build.0 = Release|Any CPU
	EndGlobalSection
	GlobalSection(SolutionProperties) = preSolution
		HideSolutionNode = FALSE
	EndGlobalSection
	GlobalSection(ExtensibilityGlobals) = postSolution
		SolutionGuid = {A9396F6B-C55D-48C3-B45B-65FECF89A884}
	EndGlobalSection
EndGlobal
